
Microsoft Visual Studio Solution File, Format Version 12.00
# Visual Studio 15
VisualStudioVersion = 15.0.28010.2019
MinimumVisualStudioVersion = 10.0.40219.1
Project("{FAE04EC0-301F-11D3-BF4B-00C04F79EFBC}") = "ZimmetTakip", "ZimmetTakip\ZimmetTakip.csproj", "{E8C7FA0F-792A-4FB2-BC66-5D7B487D4009}"
EndProject
Project("{FAE04EC0-301F-11D3-BF4B-00C04F79EFBC}") = "unitTest", "unitTest\unitTest.csproj", "{6D8C9F81-7163-4614-B406-75E6E9D42424}"
EndProject
Global
	GlobalSection(SolutionConfigurationPlatforms) = preSolution
		Debug|Any CPU = Debug|Any CPU
		Release|Any CPU = Release|Any CPU
	EndGlobalSection
	GlobalSection(ProjectConfigurationPlatforms) = postSolution
		{E8C7FA0F-792A-4FB2-BC66-5D7B487D4009}.Debug|Any CPU.ActiveCfg = Debug|Any CPU
		{E8C7FA0F-792A-4FB2-BC66-5D7B487D4009}.Debug|Any CPU.Build.0 = Debug|Any CPU
		{E8C7FA0F-792A-4FB2-BC66-5D7B487D4009}.Release|Any CPU.ActiveCfg = Release|Any CPU
		{E8C7FA0F-792A-4FB2-BC66-5D7B487D4009}.Release|Any CPU.Build.0 = Release|Any CPU
		{6D8C9F81-7163-4614-B406-75E6E9D42424}.Debug|Any CPU.ActiveCfg = Debug|Any CPU
		{6D8C9F81-7163-4614-B406-75E6E9D42424}.Debug|Any CPU.Build.0 = Debug|Any CPU
		{6D8C9F81-7163-4614-B406-75E6E9D42424}.Release|Any CPU.ActiveCfg = Release|Any CPU
		{6D8C9F81-7163-4614-B406-75E6E9D42424}.Release|Any CPU.Build.0 = Release|Any CPU
	EndGlobalSection
	GlobalSection(SolutionProperties) = preSolution
		HideSolutionNode = FALSE
	EndGlobalSection
	GlobalSection(ExtensibilityGlobals) = postSolution
		SolutionGuid = {F1A6C3A1-5CAF-4F2B-925D-004FB64AD560}
	EndGlobalSection
EndGlobal
